
Microsoft Visual Studio Solution File, Format Version 12.00
# Visual Studio Version 17
VisualStudioVersion = 17.3.32922.545
MinimumVisualStudioVersion = 10.0.40219.1
Project("{FAE04EC0-301F-11D3-BF4B-00C04F79EFBC}") = "KD12MVCHamburger", "KD12MVCHamburger\KD12MVCHamburger.csproj", "{4EEA0A43-C237-4136-B493-B4FA81749EBA}"
EndProject
Global
	GlobalSection(SolutionConfigurationPlatforms) = preSolution
		Debug|Any CPU = Debug|Any CPU
		Release|Any CPU = Release|Any CPU
	EndGlobalSection
	GlobalSection(ProjectConfigurationPlatforms) = postSolution
		{4EEA0A43-C237-4136-B493-B4FA81749EBA}.Debug|Any CPU.ActiveCfg = Debug|Any CPU
		{4EEA0A43-C237-4136-B493-B4FA81749EBA}.Debug|Any CPU.Build.0 = Debug|Any CPU
		{4EEA0A43-C237-4136-B493-B4FA81749EBA}.Release|Any CPU.ActiveCfg = Release|Any CPU
		{4EEA0A43-C237-4136-B493-B4FA81749EBA}.Release|Any CPU.Build.0 = Release|Any CPU
	EndGlobalSection
	GlobalSection(SolutionProperties) = preSolution
		HideSolutionNode = FALSE
	EndGlobalSection
	GlobalSection(ExtensibilityGlobals) = postSolution
		SolutionGuid = {C9534406-7FA8-4DFD-8249-860B84E5BF1C}
	EndGlobalSection
EndGlobal
